
Microsoft Visual Studio Solution File, Format Version 12.00
# Visual Studio Version 17
VisualStudioVersion = 17.8.34330.188
MinimumVisualStudioVersion = 10.0.40219.1
Project("{FAE04EC0-301F-11D3-BF4B-00C04F79EFBC}") = "ApiFramework", "..\ApiFramework\ApiFramework.csproj", "{339F70A4-FE54-47A1-8719-4012FC0A7BFC}"
EndProject
Project("{FAE04EC0-301F-11D3-BF4B-00C04F79EFBC}") = "ApiFrameworkTests", "..\ApiFrameworkTests\ApiFrameworkTests.csproj", "{303AFD31-F228-4554-BDCE-9383BA4CDED2}"
EndProject
Global
	GlobalSection(SolutionConfigurationPlatforms) = preSolution
		Debug|Any CPU = Debug|Any CPU
		Release|Any CPU = Release|Any CPU
	EndGlobalSection
	GlobalSection(ProjectConfigurationPlatforms) = postSolution
		{339F70A4-FE54-47A1-8719-4012FC0A7BFC}.Debug|Any CPU.ActiveCfg = Debug|Any CPU
		{339F70A4-FE54-47A1-8719-4012FC0A7BFC}.Debug|Any CPU.Build.0 = Debug|Any CPU
		{339F70A4-FE54-47A1-8719-4012FC0A7BFC}.Release|Any CPU.ActiveCfg = Release|Any CPU
		{339F70A4-FE54-47A1-8719-4012FC0A7BFC}.Release|Any CPU.Build.0 = Release|Any CPU
		{303AFD31-F228-4554-BDCE-9383BA4CDED2}.Debug|Any CPU.ActiveCfg = Debug|Any CPU
		{303AFD31-F228-4554-BDCE-9383BA4CDED2}.Debug|Any CPU.Build.0 = Debug|Any CPU
		{303AFD31-F228-4554-BDCE-9383BA4CDED2}.Release|Any CPU.ActiveCfg = Release|Any CPU
		{303AFD31-F228-4554-BDCE-9383BA4CDED2}.Release|Any CPU.Build.0 = Release|Any CPU
	EndGlobalSection
	GlobalSection(SolutionProperties) = preSolution
		HideSolutionNode = FALSE
	EndGlobalSection
	GlobalSection(ExtensibilityGlobals) = postSolution
		SolutionGuid = {182852B0-2A5B-4144-B258-7A0E3816F6B8}
	EndGlobalSection
EndGlobal
